
Microsoft Visual Studio Solution File, Format Version 12.00
# Visual Studio Version 17
VisualStudioVersion = 17.3.32804.467
MinimumVisualStudioVersion = 10.0.40219.1
Project("{FAE04EC0-301F-11D3-BF4B-00C04F79EFBC}") = "MatrixFiller", "MatrixFiller\MatrixFiller.csproj", "{16503097-ED18-4E42-8A1A-FDF04CA579ED}"
EndProject
Global
	GlobalSection(SolutionConfigurationPlatforms) = preSolution
		Debug|Any CPU = Debug|Any CPU
		Release|Any CPU = Release|Any CPU
	EndGlobalSection
	GlobalSection(ProjectConfigurationPlatforms) = postSolution
		{16503097-ED18-4E42-8A1A-FDF04CA579ED}.Debug|Any CPU.ActiveCfg = Debug|Any CPU
		{16503097-ED18-4E42-8A1A-FDF04CA579ED}.Debug|Any CPU.Build.0 = Debug|Any CPU
		{16503097-ED18-4E42-8A1A-FDF04CA579ED}.Release|Any CPU.ActiveCfg = Release|Any CPU
		{16503097-ED18-4E42-8A1A-FDF04CA579ED}.Release|Any CPU.Build.0 = Release|Any CPU
	EndGlobalSection
	GlobalSection(SolutionProperties) = preSolution
		HideSolutionNode = FALSE
	EndGlobalSection
	GlobalSection(ExtensibilityGlobals) = postSolution
		SolutionGuid = {D24F006D-A79B-4851-9C51-4B97AAD2ECF4}
	EndGlobalSection
EndGlobal
